// !$*UTF8*$!
{
	archiveVersion = 1;
	classes = {
	};
	objectVersion = 50;
	objects = {

/* Begin PBXBuildFile section */
		894063922281764200F9C656 /* AppDelegate.swift in Sources */ = {isa = PBXBuildFile; fileRef = 894063912281764200F9C656 /* AppDelegate.swift */; };
		894063942281764200F9C656 /* ViewController.swift in Sources */ = {isa = PBXBuildFile; fileRef = 894063932281764200F9C656 /* ViewController.swift */; };
		894063972281764200F9C656 /* Main.storyboard in Resources */ = {isa = PBXBuildFile; fileRef = 894063952281764200F9C656 /* Main.storyboard */; };
		894063992281764300F9C656 /* Assets.xcassets in Resources */ = {isa = PBXBuildFile; fileRef = 894063982281764300F9C656 /* Assets.xcassets */; };
		8940639C2281764300F9C656 /* LaunchScreen.storyboard in Resources */ = {isa = PBXBuildFile; fileRef = 8940639A2281764300F9C656 /* LaunchScreen.storyboard */; };
		894063A52281766800F9C656 /* TYSnapshotScroll.swift in Sources */ = {isa = PBXBuildFile; fileRef = 894063A42281766800F9C656 /* TYSnapshotScroll.swift */; };
		894063A72281769400F9C656 /* UIView+TYSnapshotScroll.swift in Sources */ = {isa = PBXBuildFile; fileRef = 894063A62281769400F9C656 /* UIView+TYSnapshotScroll.swift */; };
		894063A9228176A800F9C656 /* UIImage+TYSnapshotScroll.swift in Sources */ = {isa = PBXBuildFile; fileRef = 894063A8228176A800F9C656 /* UIImage+TYSnapshotScroll.swift */; };
		894063AB228176C100F9C656 /* UIScrollView+TYSnapshotScroll.swift in Sources */ = {isa = PBXBuildFile; fileRef = 894063AA228176C100F9C656 /* UIScrollView+TYSnapshotScroll.swift */; };
		894063AD228176D200F9C656 /* UIViewController+TYSnapshotScroll.swift in Sources */ = {isa = PBXBuildFile; fileRef = 894063AC228176D200F9C656 /* UIViewController+TYSnapshotScroll.swift */; };
		894063AF228176E600F9C656 /* WKWebView+TYSnapshotScroll.swift in Sources */ = {isa = PBXBuildFile; fileRef = 894063AE228176E600F9C656 /* WKWebView+TYSnapshotScroll.swift */; };
/* End PBXBuildFile section */

/* Begin PBXFileReference section */
		8940638E2281764200F9C656 /* TYSnapshotScroll-swift.app */ = {isa = PBXFileReference; explicitFileType = wrapper.application; includeInIndex = 0; path = "TYSnapshotScroll-swift.app"; sourceTree = BUILT_PRODUCTS_DIR; };
		894063912281764200F9C656 /* AppDelegate.swift */ = {isa = PBXFileReference; lastKnownFileType = sourcecode.swift; path = AppDelegate.swift; sourceTree = "<group>"; };
		894063932281764200F9C656 /* ViewController.swift */ = {isa = PBXFileReference; lastKnownFileType = sourcecode.swift; path = ViewController.swift; sourceTree = "<group>"; };
		894063962281764200F9C656 /* Base */ = {isa = PBXFileReference; lastKnownFileType = file.storyboard; name = Base; path = Base.lproj/Main.storyboard; sourceTree = "<group>"; };
		894063982281764300F9C656 /* Assets.xcassets */ = {isa = PBXFileReference; lastKnownFileType = folder.assetcatalog; path = Assets.xcassets; sourceTree = "<group>"; };
		8940639B2281764300F9C656 /* Base */ = {isa = PBXFileReference; lastKnownFileType = file.storyboard; name = Base; path = Base.lproj/LaunchScreen.storyboard; sourceTree = "<group>"; };
		8940639D2281764300F9C656 /* Info.plist */ = {isa = PBXFileReference; lastKnownFileType = text.plist.xml; path = Info.plist; sourceTree = "<group>"; };
		894063A42281766800F9C656 /* TYSnapshotScroll.swift */ = {isa = PBXFileReference; lastKnownFileType = sourcecode.swift; path = TYSnapshotScroll.swift; sourceTree = "<group>"; };
		894063A62281769400F9C656 /* UIView+TYSnapshotScroll.swift */ = {isa = PBXFileReference; lastKnownFileType = sourcecode.swift; path = "UIView+TYSnapshotScroll.swift"; sourceTree = "<group>"; };
		894063A8228176A800F9C656 /* UIImage+TYSnapshotScroll.swift */ = {isa = PBXFileReference; lastKnownFileType = sourcecode.swift; path = "UIImage+TYSnapshotScroll.swift"; sourceTree = "<group>"; };
		894063AA228176C100F9C656 /* UIScrollView+TYSnapshotScroll.swift */ = {isa = PBXFileReference; lastKnownFileType = sourcecode.swift; path = "UIScrollView+TYSnapshotScroll.swift"; sourceTree = "<group>"; };
		894063AC228176D200F9C656 /* UIViewController+TYSnapshotScroll.swift */ = {isa = PBXFileReference; lastKnownFileType = sourcecode.swift; path = "UIViewController+TYSnapshotScroll.swift"; sourceTree = "<group>"; };
		894063AE228176E600F9C656 /* WKWebView+TYSnapshotScroll.swift */ = {isa = PBXFileReference; lastKnownFileType = sourcecode.swift; path = "WKWebView+TYSnapshotScroll.swift"; sourceTree = "<group>"; };
/* End PBXFileReference section */

/* Begin PBXFrameworksBuildPhase section */
		8940638B2281764200F9C656 /* Frameworks */ = {
			isa = PBXFrameworksBuildPhase;
			buildActionMask = 2147483647;
			files = (
			);
			runOnlyForDeploymentPostprocessing = 0;
		};
/* End PBXFrameworksBuildPhase section */

/* Begin PBXGroup section */
		894063852281764200F9C656 = {
			isa = PBXGroup;
			children = (
				894063902281764200F9C656 /* TYSnapshotScroll-swift */,
				8940638F2281764200F9C656 /* Products */,
			);
			sourceTree = "<group>";
		};
		8940638F2281764200F9C656 /* Products */ = {
			isa = PBXGroup;
			children = (
				8940638E2281764200F9C656 /* TYSnapshotScroll-swift.app */,
			);
			name = Products;
			sourceTree = "<group>";
		};
		894063902281764200F9C656 /* TYSnapshotScroll-swift */ = {
			isa = PBXGroup;
			children = (
				894063912281764200F9C656 /* AppDelegate.swift */,
				894063932281764200F9C656 /* ViewController.swift */,
				894063A32281764D00F9C656 /* TYSnapshotScroll */,
				894063952281764200F9C656 /* Main.storyboard */,
				894063982281764300F9C656 /* Assets.xcassets */,
				8940639A2281764300F9C656 /* LaunchScreen.storyboard */,
				8940639D2281764300F9C656 /* Info.plist */,
			);
			path = "TYSnapshotScroll-swift";
			sourceTree = "<group>";
		};
		894063A32281764D00F9C656 /* TYSnapshotScroll */ = {
			isa = PBXGroup;
			children = (
				894063A42281766800F9C656 /* TYSnapshotScroll.swift */,
				894063A62281769400F9C656 /* UIView+TYSnapshotScroll.swift */,
				894063A8228176A800F9C656 /* UIImage+TYSnapshotScroll.swift */,
				894063AA228176C100F9C656 /* UIScrollView+TYSnapshotScroll.swift */,
				894063AC228176D200F9C656 /* UIViewController+TYSnapshotScroll.swift */,
				894063AE228176E600F9C656 /* WKWebView+TYSnapshotScroll.swift */,
			);
			path = TYSnapshotScroll;
			sourceTree = "<group>";
		};
/* End PBXGroup section */

/* Begin PBXNativeTarget section */
		8940638D2281764200F9C656 /* TYSnapshotScroll-swift */ = {
			isa = PBXNativeTarget;
			buildConfigurationList = 894063A02281764300F9C656 /* Build configuration list for PBXNativeTarget "TYSnapshotScroll-swift" */;
			buildPhases = (
				8940638A2281764200F9C656 /* Sources */,
				8940638B2281764200F9C656 /* Frameworks */,
				8940638C2281764200F9C656 /* Resources */,
			);
			buildRules = (
			);
			dependencies = (
			);
			name = "TYSnapshotScroll-swift";
			productName = "TYSnapshotScroll-swift";
			productReference = 8940638E2281764200F9C656 /* TYSnapshotScroll-swift.app */;
			productType = "com.apple.product-type.application";
		};
/* End PBXNativeTarget section */

/* Begin PBXProject section */
		894063862281764200F9C656 /* Project object */ = {
			isa = PBXProject;
			attributes = {
				LastSwiftUpdateCheck = 1010;
				LastUpgradeCheck = 1010;
				ORGANIZATIONNAME = "ma c";
				TargetAttributes = {
					8940638D2281764200F9C656 = {
						CreatedOnToolsVersion = 10.1;
					};
				};
			};
			buildConfigurationList = 894063892281764200F9C656 /* Build configuration list for PBXProject "TYSnapshotScroll-swift" */;
			compatibilityVersion = "Xcode 9.3";
			developmentRegion = en;
			hasScannedForEncodings = 0;
			knownRegions = (
				en,
				Base,
			);
			mainGroup = 894063852281764200F9C656;
			productRefGroup = 8940638F2281764200F9C656 /* Products */;
			projectDirPath = "";
			projectRoot = "";
			targets = (
				8940638D2281764200F9C656 /* TYSnapshotScroll-swift */,
			);
		};
/* End PBXProject section */

/* Begin PBXResourcesBuildPhase section */
		8940638C2281764200F9C656 /* Resources */ = {
			isa = PBXResourcesBuildPhase;
			buildActionMask = 2147483647;
			files = (
				8940639C2281764300F9C656 /* LaunchScreen.storyboard in Resources */,
				894063992281764300F9C656 /* Assets.xcassets in Resources */,
				894063972281764200F9C656 /* Main.storyboard in Resources */,
			);
			runOnlyForDeploymentPostprocessing = 0;
		};
/* End PBXResourcesBuildPhase section */

/* Begin PBXSourcesBuildPhase section */
		8940638A2281764200F9C656 /* Sources */ = {
			isa = PBXSourcesBuildPhase;
			buildActionMask = 2147483647;
			files = (
				894063A72281769400F9C656 /* UIView+TYSnapshotScroll.swift in Sources */,
				894063AB228176C100F9C656 /* UIScrollView+TYSnapshotScroll.swift in Sources */,
				894063AF228176E600F9C656 /* WKWebView+TYSnapshotScroll.swift in Sources */,
				894063942281764200F9C656 /* ViewController.swift in Sources */,
				894063AD228176D200F9C656 /* UIViewController+TYSnapshotScroll.swift in Sources */,
				894063A52281766800F9C656 /* TYSnapshotScroll.swift in Sources */,
				894063922281764200F9C656 /* AppDelegate.swift in Sources */,
				894063A9228176A800F9C656 /* UIImage+TYSnapshotScroll.swift in Sources */,
			);
			runOnlyForDeploymentPostprocessing = 0;
		};
/* End PBXSourcesBuildPhase section */

/* Begin PBXVariantGroup section */
		894063952281764200F9C656 /* Main.storyboard */ = {
			isa = PBXVariantGroup;
			children = (
				894063962281764200F9C656 /* Base */,
			);
			name = Main.storyboard;
			sourceTree = "<group>";
		};
		8940639A2281764300F9C656 /* LaunchScreen.storyboard */ = {
			isa = PBXVariantGroup;
			children = (
				8940639B2281764300F9C656 /* Base */,
			);
			name = LaunchScreen.storyboard;
			sourceTree = "<group>";
		};
/* End PBXVariantGroup section */

/* Begin XCBuildConfiguration section */
		8940639E2281764300F9C656 /* Debug */ = {
			isa = XCBuildConfiguration;
			buildSettings = {
				ALWAYS_SEARCH_USER_PATHS = NO;
				CLANG_ANALYZER_NONNULL = YES;
				CLANG_ANALYZER_NUMBER_OBJECT_CONVERSION = YES_AGGRESSIVE;
				CLANG_CXX_LANGUAGE_STANDARD = "gnu++14";
				CLANG_CXX_LIBRARY = "libc++";
				CLANG_ENABLE_MODULES = YES;
				CLANG_ENABLE_OBJC_ARC = YES;
				CLANG_ENABLE_OBJC_WEAK = YES;
				CLANG_WARN_BLOCK_CAPTURE_AUTORELEASING = YES;
				CLANG_WARN_BOOL_CONVERSION = YES;
				CLANG_WARN_COMMA = YES;
				CLANG_WARN_CONSTANT_CONVERSION = YES;
				CLANG_WARN_DEPRECATED_OBJC_IMPLEMENTATIONS = YES;
				CLANG_WARN_DIRECT_OBJC_ISA_USAGE = YES_ERROR;
				CLANG_WARN_DOCUMENTATION_COMMENTS = YES;
				CLANG_WARN_EMPTY_BODY = YES;
				CLANG_WARN_ENUM_CONVERSION = YES;
				CLANG_WARN_INFINITE_RECURSION = YES;
				CLANG_WARN_INT_CONVERSION = YES;
				CLANG_WARN_NON_LITERAL_NULL_CONVERSION = YES;
				CLANG_WARN_OBJC_IMPLICIT_RETAIN_SELF = YES;
				CLANG_WARN_OBJC_LITERAL_CONVERSION = YES;
				CLANG_WARN_OBJC_ROOT_CLASS = YES_ERROR;
				CLANG_WARN_RANGE_LOOP_ANALYSIS = YES;
				CLANG_WARN_STRICT_PROTOTYPES = YES;
				CLANG_WARN_SUSPICIOUS_MOVE = YES;
				CLANG_WARN_UNGUARDED_AVAILABILITY = YES_AGGRESSIVE;
				CLANG_WARN_UNREACHABLE_CODE = YES;
				CLANG_WARN__DUPLICATE_METHOD_MATCH = YES;
				CODE_SIGN_IDENTITY = "iPhone Developer";
				COPY_PHASE_STRIP = NO;
				DEBUG_INFORMATION_FORMAT = dwarf;
				ENABLE_STRICT_OBJC_MSGSEND = YES;
				ENABLE_TESTABILITY = YES;
				GCC_C_LANGUAGE_STANDARD = gnu11;
				GCC_DYNAMIC_NO_PIC = NO;
				GCC_NO_COMMON_BLOCKS = YES;
				GCC_OPTIMIZATION_LEVEL = 0;
				GCC_PREPROCESSOR_DEFINITIONS = (
					"DEBUG=1",
					"$(inherited)",
				);
				GCC_WARN_64_TO_32_BIT_CONVERSION = YES;
				GCC_WARN_ABOUT_RETURN_TYPE = YES_ERROR;
				GCC_WARN_UNDECLARED_SELECTOR = YES;
				GCC_WARN_UNINITIALIZED_AUTOS = YES_AGGRESSIVE;
				GCC_WARN_UNUSED_FUNCTION = YES;
				GCC_WARN_UNUSED_VARIABLE = YES;
				IPHONEOS_DEPLOYMENT_TARGET = 12.1;
				MTL_ENABLE_DEBUG_INFO = INCLUDE_SOURCE;
				MTL_FAST_MATH = YES;
				ONLY_ACTIVE_ARCH = YES;
				SDKROOT = iphoneos;
				SWIFT_ACTIVE_COMPILATION_CONDITIONS = DEBUG;
				SWIFT_OPTIMIZATION_LEVEL = "-Onone";
			};
			name = Debug;
		};
		8940639F2281764300F9C656 /* Release */ = {
			isa = XCBuildConfiguration;
			buildSettings = {
				ALWAYS_SEARCH_USER_PATHS = NO;
				CLANG_ANALYZER_NONNULL = YES;
				CLANG_ANALYZER_NUMBER_OBJECT_CONVERSION = YES_AGGRESSIVE;
				CLANG_CXX_LANGUAGE_STANDARD = "gnu++14";
				CLANG_CXX_LIBRARY = "libc++";
				CLANG_ENABLE_MODULES = YES;
				CLANG_ENABLE_OBJC_ARC = YES;
				CLANG_ENABLE_OBJC_WEAK = YES;
				CLANG_WARN_BLOCK_CAPTURE_AUTORELEASING = YES;
				CLANG_WARN_BOOL_CONVERSION = YES;
				CLANG_WARN_COMMA = YES;
				CLANG_WARN_CONSTANT_CONVERSION = YES;
				CLANG_WARN_DEPRECATED_OBJC_IMPLEMENTATIONS = YES;
				CLANG_WARN_DIRECT_OBJC_ISA_USAGE = YES_ERROR;
				CLANG_WARN_DOCUMENTATION_COMMENTS = YES;
				CLANG_WARN_EMPTY_BODY = YES;
				CLANG_WARN_ENUM_CONVERSION = YES;
				CLANG_WARN_INFINITE_RECURSION = YES;
				CLANG_WARN_INT_CONVERSION = YES;
				CLANG_WARN_NON_LITERAL_NULL_CONVERSION = YES;
				CLANG_WARN_OBJC_IMPLICIT_RETAIN_SELF = YES;
				CLANG_WARN_OBJC_LITERAL_CONVERSION = YES;
				CLANG_WARN_OBJC_ROOT_CLASS = YES_ERROR;
				CLANG_WARN_RANGE_LOOP_ANALYSIS = YES;
				CLANG_WARN_STRICT_PROTOTYPES = YES;
				CLANG_WARN_SUSPICIOUS_MOVE = YES;
				CLANG_WARN_UNGUARDED_AVAILABILITY = YES_AGGRESSIVE;
				CLANG_WARN_UNREACHABLE_CODE = YES;
				CLANG_WARN__DUPLICATE_METHOD_MATCH = YES;
				CODE_SIGN_IDENTITY = "iPhone Developer";
				COPY_PHASE_STRIP = NO;
				DEBUG_INFORMATION_FORMAT = "dwarf-with-dsym";
				ENABLE_NS_ASSERTIONS = NO;
				ENABLE_STRICT_OBJC_MSGSEND = YES;
				GCC_C_LANGUAGE_STANDARD = gnu11;
				GCC_NO_COMMON_BLOCKS = YES;
				GCC_WARN_64_TO_32_BIT_CONVERSION = YES;
				GCC_WARN_ABOUT_RETURN_TYPE = YES_ERROR;
				GCC_WARN_UNDECLARED_SELECTOR = YES;
				GCC_WARN_UNINITIALIZED_AUTOS = YES_AGGRESSIVE;
				GCC_WARN_UNUSED_FUNCTION = YES;
				GCC_WARN_UNUSED_VARIABLE = YES;
				IPHONEOS_DEPLOYMENT_TARGET = 12.1;
				MTL_ENABLE_DEBUG_INFO = NO;
				MTL_FAST_MATH = YES;
				SDKROOT = iphoneos;
				SWIFT_COMPILATION_MODE = wholemodule;
				SWIFT_OPTIMIZATION_LEVEL = "-O";
				VALIDATE_PRODUCT = YES;
			};
			name = Release;
		};
		894063A12281764300F9C656 /* Debug */ = {
			isa = XCBuildConfiguration;
			buildSettings = {
				ASSETCATALOG_COMPILER_APPICON_NAME = AppIcon;
				CODE_SIGN_STYLE = Automatic;
				DEVELOPMENT_TEAM = 58QHU9D732;
				INFOPLIST_FILE = "TYSnapshotScroll-swift/Info.plist";
				LD_RUNPATH_SEARCH_PATHS = (
					"$(inherited)",
					"@executable_path/Frameworks",
				);
				PRODUCT_BUNDLE_IDENTIFIER = "taiheyifu.TYSnapshotScroll-swift";
				PRODUCT_NAME = "$(TARGET_NAME)";
				SWIFT_VERSION = 4.2;
				TARGETED_DEVICE_FAMILY = "1,2";
			};
			name = Debug;
		};
		894063A22281764300F9C656 /* Release */ = {
			isa = XCBuildConfiguration;
			buildSettings = {
				ASSETCATALOG_COMPILER_APPICON_NAME = AppIcon;
				CODE_SIGN_STYLE = Automatic;
				DEVELOPMENT_TEAM = 58QHU9D732;
				INFOPLIST_FILE = "TYSnapshotScroll-swift/Info.plist";
				LD_RUNPATH_SEARCH_PATHS = (
					"$(inherited)",
					"@executable_path/Frameworks",
				);
				PRODUCT_BUNDLE_IDENTIFIER = "taiheyifu.TYSnapshotScroll-swift";
				PRODUCT_NAME = "$(TARGET_NAME)";
				SWIFT_VERSION = 4.2;
				TARGETED_DEVICE_FAMILY = "1,2";
			};
			name = Release;
		};
/* End XCBuildConfiguration section */

/* Begin XCConfigurationList section */
		894063892281764200F9C656 /* Build configuration list for PBXProject "TYSnapshotScroll-swift" */ = {
			isa = XCConfigurationList;
			buildConfigurations = (
				8940639E2281764300F9C656 /* Debug */,
				8940639F2281764300F9C656 /* Release */,
			);
			defaultConfigurationIsVisible = 0;
			defaultConfigurationName = Release;
		};
		894063A02281764300F9C656 /* Build configuration list for PBXNativeTarget "TYSnapshotScroll-swift" */ = {
			isa = XCConfigurationList;
			buildConfigurations = (
				894063A12281764300F9C656 /* Debug */,
				894063A22281764300F9C656 /* Release */,
			);
			defaultConfigurationIsVisible = 0;
			defaultConfigurationName = Release;
		};
/* End XCConfigurationList section */
	};
	rootObject = 894063862281764200F9C656 /* Project object */;
}
